
Microsoft Visual Studio Solution File, Format Version 12.00
# Visual Studio Version 17
VisualStudioVersion = 17.11.35208.52
MinimumVisualStudioVersion = 10.0.40219.1
Project("{9A19103F-16F7-4668-BE54-9A1E7A4F7556}") = "BauOTP.ViewModels", "src\BauOTP.ViewModels\BauOTP.ViewModels.csproj", "{6DC65776-4794-4DF5-BA48-EAD1F118F3FE}"
EndProject
Project("{9A19103F-16F7-4668-BE54-9A1E7A4F7556}") = "BauOTP", "src\BauOTP\BauOTP.csproj", "{1613C0B8-60C2-44E3-9B2E-F63270328625}"
EndProject
Global
	GlobalSection(SolutionConfigurationPlatforms) = preSolution
		Debug|Any CPU = Debug|Any CPU
		Release|Any CPU = Release|Any CPU
	EndGlobalSection
	GlobalSection(ProjectConfigurationPlatforms) = postSolution
		{6DC65776-4794-4DF5-BA48-EAD1F118F3FE}.Debug|Any CPU.ActiveCfg = Debug|Any CPU
		{6DC65776-4794-4DF5-BA48-EAD1F118F3FE}.Debug|Any CPU.Build.0 = Debug|Any CPU
		{6DC65776-4794-4DF5-BA48-EAD1F118F3FE}.Release|Any CPU.ActiveCfg = Release|Any CPU
		{6DC65776-4794-4DF5-BA48-EAD1F118F3FE}.Release|Any CPU.Build.0 = Release|Any CPU
		{1613C0B8-60C2-44E3-9B2E-F63270328625}.Debug|Any CPU.ActiveCfg = Debug|Any CPU
		{1613C0B8-60C2-44E3-9B2E-F63270328625}.Debug|Any CPU.Build.0 = Debug|Any CPU
		{1613C0B8-60C2-44E3-9B2E-F63270328625}.Release|Any CPU.ActiveCfg = Release|Any CPU
		{1613C0B8-60C2-44E3-9B2E-F63270328625}.Release|Any CPU.Build.0 = Release|Any CPU
	EndGlobalSection
	GlobalSection(SolutionProperties) = preSolution
		HideSolutionNode = FALSE
	EndGlobalSection
	GlobalSection(ExtensibilityGlobals) = postSolution
		SolutionGuid = {59F0EC1F-3BCE-4F99-AB15-BC9B1800838A}
	EndGlobalSection
EndGlobal
